
Microsoft Visual Studio Solution File, Format Version 12.00
# Visual Studio Version 17
VisualStudioVersion = 17.0.32112.339
MinimumVisualStudioVersion = 10.0.40219.1
Project("{9A19103F-16F7-4668-BE54-9A1E7A4F7556}") = "WebSecurity_Assessment", "WebSecurity_Assessment\WebSecurity_Assessment.csproj", "{C3F87BCA-8D46-46A2-BFF3-AD7BDFD25014}"
EndProject
Global
	GlobalSection(SolutionConfigurationPlatforms) = preSolution
		Debug|Any CPU = Debug|Any CPU
		Release|Any CPU = Release|Any CPU
	EndGlobalSection
	GlobalSection(ProjectConfigurationPlatforms) = postSolution
		{C3F87BCA-8D46-46A2-BFF3-AD7BDFD25014}.Debug|Any CPU.ActiveCfg = Debug|Any CPU
		{C3F87BCA-8D46-46A2-BFF3-AD7BDFD25014}.Debug|Any CPU.Build.0 = Debug|Any CPU
		{C3F87BCA-8D46-46A2-BFF3-AD7BDFD25014}.Release|Any CPU.ActiveCfg = Release|Any CPU
		{C3F87BCA-8D46-46A2-BFF3-AD7BDFD25014}.Release|Any CPU.Build.0 = Release|Any CPU
	EndGlobalSection
	GlobalSection(SolutionProperties) = preSolution
		HideSolutionNode = FALSE
	EndGlobalSection
	GlobalSection(ExtensibilityGlobals) = postSolution
		SolutionGuid = {4E3BF33A-CB6F-4FB3-89E4-0C3C1F729A11}
	EndGlobalSection
EndGlobal
